
Microsoft Visual Studio Solution File, Format Version 12.00
# Visual Studio Version 17
VisualStudioVersion = 17.0.32014.148
MinimumVisualStudioVersion = 10.0.40219.1
Project("{D954291E-2A0B-460D-934E-DC6B0785DB48}") = "CN.Models", "CN.Models\CN.Models.shproj", "{93389F29-B538-4017-A40D-4286A0253370}"
EndProject
Project("{9A19103F-16F7-4668-BE54-9A1E7A4F7556}") = "CN.Desktop.Display", "CN.Desktop.Display\CN.Desktop.Display.csproj", "{E02199C6-615E-4C61-971E-A839155AED8E}"
EndProject
Project("{9A19103F-16F7-4668-BE54-9A1E7A4F7556}") = "CN.Server", "CN.Server\CN.Server.csproj", "{C2484476-50DD-4345-9236-7CBA09810872}"
EndProject
Project("{9A19103F-16F7-4668-BE54-9A1E7A4F7556}") = "CN.Web.App", "CN.Web.App\CN.Web.App.csproj", "{21B832DB-83E8-4671-9033-54CF05DD79CF}"
EndProject
Global
	GlobalSection(SolutionConfigurationPlatforms) = preSolution
		Debug|Any CPU = Debug|Any CPU
		Release|Any CPU = Release|Any CPU
	EndGlobalSection
	GlobalSection(ProjectConfigurationPlatforms) = postSolution
		{E02199C6-615E-4C61-971E-A839155AED8E}.Debug|Any CPU.ActiveCfg = Debug|Any CPU
		{E02199C6-615E-4C61-971E-A839155AED8E}.Debug|Any CPU.Build.0 = Debug|Any CPU
		{E02199C6-615E-4C61-971E-A839155AED8E}.Release|Any CPU.ActiveCfg = Release|Any CPU
		{E02199C6-615E-4C61-971E-A839155AED8E}.Release|Any CPU.Build.0 = Release|Any CPU
		{C2484476-50DD-4345-9236-7CBA09810872}.Debug|Any CPU.ActiveCfg = Debug|Any CPU
		{C2484476-50DD-4345-9236-7CBA09810872}.Debug|Any CPU.Build.0 = Debug|Any CPU
		{C2484476-50DD-4345-9236-7CBA09810872}.Release|Any CPU.ActiveCfg = Release|Any CPU
		{C2484476-50DD-4345-9236-7CBA09810872}.Release|Any CPU.Build.0 = Release|Any CPU
		{21B832DB-83E8-4671-9033-54CF05DD79CF}.Debug|Any CPU.ActiveCfg = Debug|Any CPU
		{21B832DB-83E8-4671-9033-54CF05DD79CF}.Debug|Any CPU.Build.0 = Debug|Any CPU
		{21B832DB-83E8-4671-9033-54CF05DD79CF}.Release|Any CPU.ActiveCfg = Release|Any CPU
		{21B832DB-83E8-4671-9033-54CF05DD79CF}.Release|Any CPU.Build.0 = Release|Any CPU
	EndGlobalSection
	GlobalSection(SolutionProperties) = preSolution
		HideSolutionNode = FALSE
	EndGlobalSection
	GlobalSection(ExtensibilityGlobals) = postSolution
		RESX_ConfirmAddLanguageFile = False
		RESX_AutoCreateNewLanguageFiles = True
		RESX_SortFileContentOnSave = True
		SolutionGuid = {7A1BAD66-BA1B-4717-BBF0-56EBDA5A96B9}
	EndGlobalSection
	GlobalSection(SharedMSBuildProjectFiles) = preSolution
		CN.Models\CN.Models.projitems*{21b832db-83e8-4671-9033-54cf05dd79cf}*SharedItemsImports = 5
		CN.Models\CN.Models.projitems*{93389f29-b538-4017-a40d-4286a0253370}*SharedItemsImports = 13
		CN.Models\CN.Models.projitems*{c2484476-50dd-4345-9236-7cba09810872}*SharedItemsImports = 5
		CN.Models\CN.Models.projitems*{e02199c6-615e-4c61-971e-a839155aed8e}*SharedItemsImports = 5
	EndGlobalSection
EndGlobal
